{
  "requires": true,
  "lockfileVersion": 1,
  "dependencies": {
    "body-parser": {
      "version": "1.18.3",
      "resolved": "http://registry.npm.taobao.org/body-parser/download/body-parser-1.18.3.tgz",
      "requires": {
        "debug": "2.6.9"
      },
      "dependencies": {
        "bytes": {
          "version": "http://registry.npm.taobao.org/bytes/download/bytes-3.0.0.tgz"
        },
        "content-type": {
          "version": "http://registry.npm.taobao.org/content-type/download/content-type-1.0.4.tgz"
        },
        "debug": {
          "version": "http://registry.npm.taobao.org/debug/download/debug-2.6.9.tgz",
          "dependencies": {
            "ms": {
              "version": "http://registry.npm.taobao.org/ms/download/ms-2.0.0.tgz"
            }
          }
        },
        "depd": {
          "version": "http://registry.npm.taobao.org/depd/download/depd-1.1.2.tgz"
        },
        "http-errors": {
          "version": "http://registry.npm.taobao.org/http-errors/download/http-errors-1.6.3.tgz"
        },
        "iconv-lite": {
          "version": "http://registry.npm.taobao.org/iconv-lite/download/iconv-lite-0.4.23.tgz",
          "dependencies": {
            "safer-buffer": {
              "version": "http://registry.npm.taobao.org/safer-buffer/download/safer-buffer-2.1.2.tgz"
            }
          }
        },
        "on-finished": {
          "version": "http://registry.npm.taobao.org/on-finished/download/on-finished-2.3.0.tgz",
          "dependencies": {
            "ee-first": {
              "version": "http://registry.npm.taobao.org/ee-first/download/ee-first-1.1.1.tgz",
              "bundled": true
            }
          }
        },
        "qs": {
          "version": "http://registry.npm.taobao.org/qs/download/qs-6.5.2.tgz"
        },
        "raw-body": {
          "version": "http://registry.npm.taobao.org/raw-body/download/raw-body-2.3.3.tgz"
        },
        "type-is": {
          "version": "http://registry.npm.taobao.org/type-is/download/type-is-1.6.16.tgz"
        }
      }
    },
    "cookie-parser": {
      "version": "1.4.3",
      "resolved": "http://registry.npm.taobao.org/cookie-parser/download/cookie-parser-1.4.3.tgz",
      "dependencies": {
        "cookie": {
          "version": "http://registry.npm.taobao.org/cookie/download/cookie-0.3.1.tgz"
        },
        "cookie-signature": {
          "version": "http://registry.npm.taobao.org/cookie-signature/download/cookie-signature-1.0.6.tgz"
        }
      }
    },
    "cors": {
      "version": "2.8.4",
      "resolved": "http://registry.npm.taobao.org/cors/download/cors-2.8.4.tgz",
      "dependencies": {
        "object-assign": {
          "version": "http://registry.npm.taobao.org/object-assign/download/object-assign-4.1.1.tgz",
          "bundled": true
        },
        "vary": {
          "version": "http://registry.npm.taobao.org/vary/download/vary-1.1.2.tgz",
          "bundled": true
        }
      }
    },
    "debug": {
      "version": "2.6.9",
      "resolved": "http://registry.npm.taobao.org/debug/download/debug-2.6.9.tgz",
      "dependencies": {
        "ms": {
          "version": "http://registry.npm.taobao.org/ms/download/ms-2.0.0.tgz"
        }
      }
    },
    "encodeurl": {
      "version": "1.0.2",
      "resolved": "http://registry.npm.taobao.org/encodeurl/download/encodeurl-1.0.2.tgz"
    },
    "express": {
      "version": "4.16.3",
      "resolved": "http://registry.npm.taobao.org/express/download/express-4.16.3.tgz",
      "requires": {
        "debug": "2.6.9",
        "encodeurl": "~1.0.2",
        "finalhandler": "1.1.1",
        "merge-descriptors": "1.0.1"
      },
      "dependencies": {
        "accepts": {
          "version": "http://registry.npm.taobao.org/accepts/download/accepts-1.3.5.tgz",
          "dependencies": {
            "mime-types": {
              "version": "http://registry.npm.taobao.org/mime-types/download/mime-types-2.1.20.tgz",
              "bundled": true
            },
            "negotiator": {
              "version": "http://registry.npm.taobao.org/negotiator/download/negotiator-0.6.1.tgz",
              "bundled": true
            }
          }
        },
        "array-flatten": {
          "version": "http://registry.npm.taobao.org/array-flatten/download/array-flatten-1.1.1.tgz"
        },
        "body-parser": {
          "version": "http://registry.npm.taobao.org/body-parser/download/body-parser-1.18.2.tgz",
          "dependencies": {
            "bytes": {
              "version": "http://registry.npm.taobao.org/bytes/download/bytes-3.0.0.tgz"
            },
            "content-type": {
              "version": "http://registry.npm.taobao.org/content-type/download/content-type-1.0.4.tgz"
            },
            "debug": {
              "version": "http://registry.npm.taobao.org/debug/download/debug-2.6.9.tgz"
            },
            "depd": {
              "version": "http://registry.npm.taobao.org/depd/download/depd-1.1.2.tgz"
            },
            "http-errors": {
              "version": "http://registry.npm.taobao.org/http-errors/download/http-errors-1.6.3.tgz",
              "dependencies": {
                "depd": {
                  "version": "http://registry.npm.taobao.org/depd/download/depd-1.1.2.tgz",
                  "bundled": true
                },
                "inherits": {
                  "version": "http://registry.npm.taobao.org/inherits/download/inherits-2.0.3.tgz",
                  "bundled": true
                },
                "setprototypeof": {
                  "version": "http://registry.npm.taobao.org/setprototypeof/download/setprototypeof-1.1.0.tgz",
                  "bundled": true
                },
                "statuses": {
                  "version": "http://registry.npm.taobao.org/statuses/download/statuses-1.5.0.tgz",
                  "bundled": true
                }
              }
            },
            "iconv-lite": {
              "version": "http://registry.npm.taobao.org/iconv-lite/download/iconv-lite-0.4.19.tgz"
            },
            "on-finished": {
              "version": "http://registry.npm.taobao.org/on-finished/download/on-finished-2.3.0.tgz",
              "dependencies": {
                "ee-first": {
                  "version": "http://registry.npm.taobao.org/ee-first/download/ee-first-1.1.1.tgz",
                  "bundled": true
                }
              }
            },
            "qs": {
              "version": "http://registry.npm.taobao.org/qs/download/qs-6.5.1.tgz"
            },
            "raw-body": {
              "version": "http://registry.npm.taobao.org/raw-body/download/raw-body-2.3.2.tgz"
            },
            "type-is": {
              "version": "http://registry.npm.taobao.org/type-is/download/type-is-1.6.16.tgz",
              "dependencies": {
                "media-typer": {
                  "version": "http://registry.npm.taobao.org/media-typer/download/media-typer-0.3.0.tgz",
                  "bundled": true
                },
                "mime-types": {
                  "version": "http://registry.npm.taobao.org/mime-types/download/mime-types-2.1.20.tgz",
                  "bundled": true,
                  "dependencies": {
                    "mime-db": {
                      "version": "http://registry.npm.taobao.org/mime-db/download/mime-db-1.36.0.tgz"
                    }
                  }
                }
              }
            }
          }
        },
        "content-disposition": {
          "version": "http://registry.npm.taobao.org/content-disposition/download/content-disposition-0.5.2.tgz"
        },
        "content-type": {
          "version": "http://registry.npm.taobao.org/content-type/download/content-type-1.0.4.tgz"
        },
        "cookie": {
          "version": "http://registry.npm.taobao.org/cookie/download/cookie-0.3.1.tgz"
        },
        "cookie-signature": {
          "version": "http://registry.npm.taobao.org/cookie-signature/download/cookie-signature-1.0.6.tgz"
        },
        "debug": {
          "version": "http://registry.npm.taobao.org/debug/download/debug-2.6.9.tgz",
          "dependencies": {
            "ms": {
              "version": "http://registry.npm.taobao.org/ms/download/ms-2.0.0.tgz"
            }
          }
        },
        "depd": {
          "version": "http://registry.npm.taobao.org/depd/download/depd-1.1.2.tgz"
        },
        "encodeurl": {
          "version": "http://registry.npm.taobao.org/encodeurl/download/encodeurl-1.0.2.tgz"
        },
        "escape-html": {
          "version": "http://registry.npm.taobao.org/escape-html/download/escape-html-1.0.3.tgz"
        },
        "etag": {
          "version": "http://registry.npm.taobao.org/etag/download/etag-1.8.1.tgz"
        },
        "finalhandler": {
          "version": "http://registry.npm.taobao.org/finalhandler/download/finalhandler-1.1.1.tgz"
        },
        "fresh": {
          "version": "http://registry.npm.taobao.org/fresh/download/fresh-0.5.2.tgz"
        },
        "http-errors": {
          "version": "1.6.3",
          "resolved": "http://registry.npmjs.org/http-errors/-/http-errors-1.6.3.tgz",
          "integrity": "sha1-i1VoC7S+KDoLW/TqLjhYC+HZMg0=",
          "requires": {
            "inherits": "2.0.3"
          }
        },
        "iconv-lite": {
          "version": "0.4.19",
          "resolved": "https://registry.npmjs.org/iconv-lite/-/iconv-lite-0.4.19.tgz",
          "integrity": "sha512-oTZqweIP51xaGPI4uPa56/Pri/480R+mo7SeU+YETByQNhDG55ycFyNLIgta9vXhILrxXDmF7ZGhqZIcuN0gJQ=="
        },
        "inherits": {
          "version": "2.0.3",
          "resolved": "https://registry.npmjs.org/inherits/-/inherits-2.0.3.tgz",
          "integrity": "sha1-Yzwsg+PaQqUC9SRmAiSA9CCCYd4="
        },
        "merge-descriptors": {
          "version": "http://registry.npm.taobao.org/merge-descriptors/download/merge-descriptors-1.0.1.tgz"
        },
        "methods": {
          "version": "http://registry.npm.taobao.org/methods/download/methods-1.1.2.tgz"
        },
        "mime-types": {
          "version": "2.1.20",
          "resolved": "https://registry.npmjs.org/mime-types/-/mime-types-2.1.20.tgz",
          "integrity": "sha512-HrkrPaP9vGuWbLK1B1FfgAkbqNjIuy4eHlIYnFi7kamZyLLrGlo2mpcx0bBmNpKqBtYtAfGbodDddIgddSJC2A=="
        },
        "negotiator": {
          "version": "0.6.1",
          "resolved": "https://registry.npmjs.org/negotiator/-/negotiator-0.6.1.tgz",
          "integrity": "sha1-KzJxhOiZIQEXeyhWP7XnECrNDKk="
        },
        "on-finished": {
          "version": "http://registry.npm.taobao.org/on-finished/download/on-finished-2.3.0.tgz",
          "dependencies": {
            "ee-first": {
              "version": "http://registry.npm.taobao.org/ee-first/download/ee-first-1.1.1.tgz",
              "bundled": true
            }
          }
        },
        "parseurl": {
          "version": "http://registry.npm.taobao.org/parseurl/download/parseurl-1.3.2.tgz"
        },
        "path-to-regexp": {
          "version": "http://registry.npm.taobao.org/path-to-regexp/download/path-to-regexp-0.1.7.tgz"
        },
        "proxy-addr": {
          "version": "http://registry.npm.taobao.org/proxy-addr/download/proxy-addr-2.0.4.tgz"
        },
        "qs": {
          "version": "http://registry.npm.taobao.org/qs/download/qs-6.5.1.tgz"
        },
        "range-parser": {
          "version": "http://registry.npm.taobao.org/range-parser/download/range-parser-1.2.0.tgz"
        },
        "raw-body": {
          "version": "2.3.2",
          "resolved": "https://registry.npmjs.org/raw-body/-/raw-body-2.3.2.tgz",
          "integrity": "sha1-vNYMd9Prk83gBQKVw/N5OJvIj4k=",
          "requires": {
            "http-errors": "1.6.2",
            "iconv-lite": "0.4.19"
          },
          "dependencies": {
            "depd": {
              "version": "1.1.1",
              "resolved": "https://registry.npmjs.org/depd/-/depd-1.1.1.tgz",
              "integrity": "sha1-V4O04cRZ8G+lyif5kfPQbnoxA1k="
            },
            "http-errors": {
              "version": "1.6.2",
              "resolved": "https://registry.npmjs.org/http-errors/-/http-errors-1.6.2.tgz",
              "integrity": "sha1-CgAsyFcHGSp+eUbO7cERVfYOxzY=",
              "requires": {
                "depd": "1.1.1",
                "inherits": "2.0.3",
                "setprototypeof": "1.0.3"
              }
            },
            "setprototypeof": {
              "version": "1.0.3",
              "resolved": "https://registry.npmjs.org/setprototypeof/-/setprototypeof-1.0.3.tgz",
              "integrity": "sha1-ZlZ+NwQ+608E2RvWWMDL77VbjgQ="
            }
          }
        },
        "safe-buffer": {
          "version": "http://registry.npm.taobao.org/safe-buffer/download/safe-buffer-5.1.1.tgz"
        },
        "send": {
          "version": "http://registry.npm.taobao.org/send/download/send-0.16.2.tgz"
        },
        "serve-static": {
          "version": "http://registry.npm.taobao.org/serve-static/download/serve-static-1.13.2.tgz"
        },
        "setprototypeof": {
          "version": "http://registry.npm.taobao.org/setprototypeof/download/setprototypeof-1.1.0.tgz"
        },
        "statuses": {
          "version": "http://registry.npm.taobao.org/statuses/download/statuses-1.4.0.tgz"
        },
        "type-is": {
          "version": "http://registry.npm.taobao.org/type-is/download/type-is-1.6.16.tgz",
          "dependencies": {
            "media-typer": {
              "version": "http://registry.npm.taobao.org/media-typer/download/media-typer-0.3.0.tgz",
              "bundled": true
            },
            "mime-types": {
              "version": "http://registry.npm.taobao.org/mime-types/download/mime-types-2.1.20.tgz",
              "bundled": true,
              "dependencies": {}
            }
          }
        },
        "utils-merge": {
          "version": "http://registry.npm.taobao.org/utils-merge/download/utils-merge-1.0.1.tgz"
        },
        "vary": {
          "version": "http://registry.npm.taobao.org/vary/download/vary-1.1.2.tgz"
        }
      }
    },
    "finalhandler": {
      "version": "1.1.1",
      "resolved": "http://registry.npm.taobao.org/finalhandler/download/finalhandler-1.1.1.tgz",
      "requires": {
        "debug": "2.6.9",
        "encodeurl": "~1.0.2"
      },
      "dependencies": {
        "debug": {
          "version": "http://registry.npm.taobao.org/debug/download/debug-2.6.9.tgz",
          "bundled": true,
          "dependencies": {
            "ms": {
              "version": "http://registry.npm.taobao.org/ms/download/ms-2.0.0.tgz"
            }
          }
        },
        "encodeurl": {
          "version": "http://registry.npm.taobao.org/encodeurl/download/encodeurl-1.0.2.tgz",
          "bundled": true
        },
        "escape-html": {
          "version": "http://registry.npm.taobao.org/escape-html/download/escape-html-1.0.3.tgz",
          "bundled": true
        },
        "on-finished": {
          "version": "http://registry.npm.taobao.org/on-finished/download/on-finished-2.3.0.tgz",
          "bundled": true,
          "dependencies": {
            "ee-first": {
              "version": "http://registry.npm.taobao.org/ee-first/download/ee-first-1.1.1.tgz",
              "bundled": true
            }
          }
        },
        "parseurl": {
          "version": "http://registry.npm.taobao.org/parseurl/download/parseurl-1.3.2.tgz",
          "bundled": true
        },
        "statuses": {
          "version": "http://registry.npm.taobao.org/statuses/download/statuses-1.4.0.tgz",
          "bundled": true
        },
        "unpipe": {
          "version": "http://registry.npm.taobao.org/unpipe/download/unpipe-1.0.0.tgz",
          "bundled": true
        }
      }
    },
    "http": {
      "version": "0.0.0",
      "resolved": "https://registry.npmjs.org/http/-/http-0.0.0.tgz",
      "integrity": "sha1-huYybSnF0Dnen6xYSkVon5KfT3I="
    },
    "merge-descriptors": {
      "version": "1.0.1",
      "resolved": "http://registry.npm.taobao.org/merge-descriptors/download/merge-descriptors-1.0.1.tgz"
    },
    "mime": {
      "version": "2.3.1",
      "resolved": "http://registry.npm.taobao.org/mime/download/mime-2.3.1.tgz"
    },
    "multer": {
      "version": "1.4.1",
      "resolved": "http://registry.npm.taobao.org/multer/download/multer-1.4.1.tgz",
      "dependencies": {
        "append-field": {
          "version": "http://registry.npm.taobao.org/append-field/download/append-field-1.0.0.tgz"
        },
        "busboy": {
          "version": "http://registry.npm.taobao.org/busboy/download/busboy-0.2.14.tgz"
        },
        "concat-stream": {
          "version": "http://registry.npm.taobao.org/concat-stream/download/concat-stream-1.6.2.tgz"
        },
        "mkdirp": {
          "version": "http://registry.npm.taobao.org/mkdirp/download/mkdirp-0.5.1.tgz",
          "dependencies": {
            "minimist": {
              "version": "http://registry.npm.taobao.org/minimist/download/minimist-0.0.8.tgz"
            }
          }
        },
        "object-assign": {
          "version": "http://registry.npm.taobao.org/object-assign/download/object-assign-4.1.1.tgz"
        },
        "on-finished": {
          "version": "http://registry.npm.taobao.org/on-finished/download/on-finished-2.3.0.tgz",
          "dependencies": {
            "ee-first": {
              "version": "http://registry.npm.taobao.org/ee-first/download/ee-first-1.1.1.tgz",
              "bundled": true
            }
          }
        },
        "type-is": {
          "version": "http://registry.npm.taobao.org/type-is/download/type-is-1.6.16.tgz",
          "dependencies": {
            "media-typer": {
              "version": "http://registry.npm.taobao.org/media-typer/download/media-typer-0.3.0.tgz",
              "bundled": true
            },
            "mime-types": {
              "version": "http://registry.npm.taobao.org/mime-types/download/mime-types-2.1.20.tgz",
              "bundled": true,
              "dependencies": {}
            }
          }
        },
        "xtend": {
          "version": "http://registry.npm.taobao.org/xtend/download/xtend-4.0.1.tgz"
        }
      }
    },
    "pug": {
      "version": "2.0.3",
      "resolved": "http://registry.npm.taobao.org/pug/download/pug-2.0.3.tgz",
      "dependencies": {
        "pug-code-gen": {
          "version": "http://registry.npm.taobao.org/pug-code-gen/download/pug-code-gen-2.0.1.tgz",
          "bundled": true
        },
        "pug-filters": {
          "version": "http://registry.npm.taobao.org/pug-filters/download/pug-filters-3.1.0.tgz",
          "bundled": true
        },
        "pug-lexer": {
          "version": "http://registry.npm.taobao.org/pug-lexer/download/pug-lexer-4.0.0.tgz",
          "bundled": true
        },
        "pug-linker": {
          "version": "http://registry.npm.taobao.org/pug-linker/download/pug-linker-3.0.5.tgz",
          "bundled": true
        },
        "pug-load": {
          "version": "http://registry.npm.taobao.org/pug-load/download/pug-load-2.0.11.tgz",
          "bundled": true
        },
        "pug-parser": {
          "version": "http://registry.npm.taobao.org/pug-parser/download/pug-parser-5.0.0.tgz",
          "bundled": true
        },
        "pug-runtime": {
          "version": "http://registry.npm.taobao.org/pug-runtime/download/pug-runtime-2.0.4.tgz",
          "bundled": true
        },
        "pug-strip-comments": {
          "version": "http://registry.npm.taobao.org/pug-strip-comments/download/pug-strip-comments-1.0.3.tgz",
          "bundled": true
        }
      }
    },
    "sqlite": {
      "version": "3.0.0",
      "resolved": "http://registry.npm.taobao.org/sqlite/download/sqlite-3.0.0.tgz",
      "requires": {
        "sqlite3": "^4.0.0"
      },
      "dependencies": {
        "sql-template-strings": {
          "version": "http://registry.npm.taobao.org/sql-template-strings/download/sql-template-strings-2.2.2.tgz",
          "bundled": true
        },
        "sqlite3": {
          "version": "http://registry.npm.taobao.org/sqlite3/download/sqlite3-4.0.3.tgz",
          "bundled": true
        }
      }
    },
    "sqlite3": {
      "version": "4.0.2",
      "resolved": "http://registry.npm.taobao.org/sqlite3/download/sqlite3-4.0.2.tgz",
      "requires": {
        "nan": "~2.10.0",
        "node-pre-gyp": "^0.10.3",
        "request": "^2.87.0"
      },
      "dependencies": {
        "nan": {
          "version": "2.10.0",
          "resolved": "http://registry.npm.taobao.org/nan/download/nan-2.10.0.tgz"
        },
        "node-pre-gyp": {
          "version": "0.10.3",
          "resolved": "http://registry.npm.taobao.org/node-pre-gyp/download/node-pre-gyp-0.10.3.tgz",
          "dependencies": {
            "detect-libc": {
              "version": "http://registry.npm.taobao.org/detect-libc/download/detect-libc-1.0.3.tgz"
            },
            "mkdirp": {
              "version": "http://registry.npm.taobao.org/mkdirp/download/mkdirp-0.5.1.tgz"
            },
            "needle": {
              "version": "http://registry.npm.taobao.org/needle/download/needle-2.2.4.tgz"
            },
            "nopt": {
              "version": "http://registry.npm.taobao.org/nopt/download/nopt-4.0.1.tgz"
            },
            "npm-packlist": {
              "version": "http://registry.npm.taobao.org/npm-packlist/download/npm-packlist-1.1.11.tgz"
            },
            "npmlog": {
              "version": "http://registry.npm.taobao.org/npmlog/download/npmlog-4.1.2.tgz"
            },
            "rc": {
              "version": "http://registry.npm.taobao.org/rc/download/rc-1.2.8.tgz"
            },
            "rimraf": {
              "version": "http://registry.npm.taobao.org/rimraf/download/rimraf-2.6.2.tgz",
              "dependencies": {
                "glob": {
                  "version": "http://registry.npm.taobao.org/glob/download/glob-7.1.3.tgz",
                  "bundled": true,
                  "dependencies": {
                    "fs.realpath": {
                      "version": "http://registry.npm.taobao.org/fs.realpath/download/fs.realpath-1.0.0.tgz",
                      "bundled": true
                    },
                    "inflight": {
                      "version": "http://registry.npm.taobao.org/inflight/download/inflight-1.0.6.tgz",
                      "bundled": true
                    },
                    "inherits": {
                      "version": "http://registry.npm.taobao.org/inherits/download/inherits-2.0.3.tgz",
                      "bundled": true
                    },
                    "minimatch": {
                      "version": "http://registry.npm.taobao.org/minimatch/download/minimatch-3.0.4.tgz",
                      "bundled": true,
                      "dependencies": {
                        "brace-expansion": {
                          "version": "http://registry.npm.taobao.org/brace-expansion/download/brace-expansion-1.1.11.tgz"
                        }
                      }
                    },
                    "once": {
                      "version": "http://registry.npm.taobao.org/once/download/once-1.4.0.tgz",
                      "bundled": true,
                      "dependencies": {
                        "wrappy": {
                          "version": "http://registry.npm.taobao.org/wrappy/download/wrappy-1.0.2.tgz"
                        }
                      }
                    },
                    "path-is-absolute": {
                      "version": "http://registry.npm.taobao.org/path-is-absolute/download/path-is-absolute-1.0.1.tgz",
                      "bundled": true
                    }
                  }
                }
              }
            },
            "semver": {
              "version": "http://registry.npm.taobao.org/semver/download/semver-5.5.1.tgz"
            },
            "tar": {
              "version": "http://registry.npm.taobao.org/tar/download/tar-4.4.6.tgz"
            }
          }
        },
        "request": {
          "version": "2.88.0",
          "resolved": "http://registry.npm.taobao.org/request/download/request-2.88.0.tgz"
        }
      }
    },
    "svg-captcha": {
      "version": "1.3.11",
      "resolved": "http://registry.npm.taobao.org/svg-captcha/download/svg-captcha-1.3.11.tgz"
    }
  }
}
